{
    "_meta": {
        "hash": {
            "sha256": "e8c1ae4bd78ac17897abcca865c5779ba24e17b4b9c2e5dd83f96554581b6bca"
        },
        "pipfile-spec": 6,
        "requires": {
            "python_version": "3.8"
        },
        "sources": [
            {
                "name": "pypi",
                "url": "https://pypi.org/simple",
                "verify_ssl": true
            }
        ]
    },
    "default": {
        "attrs": {
            "hashes": [
                "sha256:935dc3b529c262f6cf76e50877d35a4bd3c1de194fd41f47a2b7ae8f19971f30",
                "sha256:99b87a485a5820b23b879f04c2305b44b951b502fd64be915879d77a7e8fc6f1"
            ],
            "markers": "python_version >= '3.7'",
            "version": "==23.2.0"
        },
        "coverage": {
            "hashes": [
                "sha256:004948e296149644d208964300cb3d98affc5211e9e490e9979af4030b0d6473",
                "sha256:13cde6bb0e58fb67d09e2f373de3899d1d1e866c5a9ff05d93615f2f54fbd2bb",
                "sha256:1c9e4a5eb1bbc3675ee57bc31f8eea4cd7fb0cbcbe4912cf1cb2bf3b754f4a80",
                "sha256:2025f913f2edb0272ef15d00b1f335ff8908c921c8eb2013536fcaf61f5a683d",
                "sha256:25bad4196104761bc26b1dae9b57383826542ec689ff0042f7f4f4dd7a815cba",
                "sha256:2692306d3d4cb32d2cceed1e47cebd6b1d2565c993d6d2eda8e6e6adf53301e6",
                "sha256:272ab31228a9df857ab5df5d67936d8861464dc89c5d3fab35132626e9369379",
                "sha256:2e8c0e79820cdd67978e1120983786422d279e07a381dbf89d03bbb23ec670a6",
                "sha256:3062fd5c62df988cea9f2972c593f77fed1182bfddc5a3b12b1e606cb7aba99e",
                "sha256:3436927d1794fa6763b89b60c896f9e3bd53212001026ebc9080d23f0c2733c1",
                "sha256:35db06450272473eab4449e9c2ad9bc6a0a68dab8e81a0eae6b50d9c2838767e",
                "sha256:392154d09bd4473b9d11351ab5d63391f3d5d24d752f27b3be7498b0ee2b5226",
                "sha256:3cff6980fe7100242170092bb40d2b1cdad79502cd532fd26b12a2b8a5f9aee0",
                "sha256:42c692b55a647a832025a4c048007034fe77b162b566ad537ce65ad824b12a84",
                "sha256:44c9b9f1a245f3d0d202b1a8fa666a80b5ecbe4ad5d0859c0fb16a52d9763224",
                "sha256:496b86f1fc9c81a1cd53d8842ef712e950a4611bba0c42d33366a7b91ba969ec",
                "sha256:4bbd58eb5a2371bf160590f4262109f66b6043b0b991930693134cb617bc0169",
                "sha256:4e3783a286d5a93a2921396d50ce45a909aa8f13eee964465012f110f0cbb611",
                "sha256:4f3c7c19581d471af0e9cb49d928172cd8492cd78a2b7a4e82345d33662929bb",
                "sha256:52c139b7ab3f0b15f9aad0a3fedef5a1f8c0b2bdc291d88639ca2c97d3682416",
                "sha256:541280dde49ce74a4262c5e395b48ea1207e78454788887118c421cb4ffbfcac",
                "sha256:5906f6a84b47f995cd1bf0aca1c72d591c55ee955f98074e93660d64dfc66eb9",
                "sha256:6284a2005e4f8061c58c814b1600ad0074ccb0289fe61ea709655c5969877b70",
                "sha256:6727a0d929ff0028b1ed8b3e7f8701670b1d7032f219110b55476bb60c390bfb",
                "sha256:697f4742aa3f26c107ddcb2b1784a74fe40180014edbd9adaa574eac0529914c",
                "sha256:6b9f64526286255735847aed0221b189486e0b9ed943446936e41b7e44b08783",
                "sha256:6babcbf1e66e46052442f10833cfc4a0d3554d8276aa37af8531a83ed3c1a01d",
                "sha256:6e7f1a8328eeec34c54f1d5968a708b50fc38d31e62ca8b0560e84a968fbf9a9",
                "sha256:71f739f97f5f80627f1fee2331e63261355fd1e9a9cce0016394b6707ac3f4ec",
                "sha256:76d06b721c2550c01a60e5d3093f417168658fb454e5dfd9a23570e9bffe39a1",
                "sha256:77a04b84d01f0e12c66f16e69e92616442dc675bbe51b90bfb074b1e5d1c7fbd",
                "sha256:97729e6828643f168a2a3f07848e1b1b94a366b13a9f5aba5484c2215724edc8",
                "sha256:9a8723ccec4e564d4b9a79923246f7b9a8de4ec55fa03ec4ec804459dade3c4f",
                "sha256:a5ffd45c6b93c23a8507e2f436983015c6457aa832496b6a095505ca2f63e8f1",
                "sha256:a6f03f87fea579d55e0b690d28f5042ec1368650466520fbc400e7aeaf09e995",
                "sha256:aac1d5fdc5378f6bac2c0c7ebe7635a6809f5b4376f6cf5d43243c1917a67087",
                "sha256:ae82c5f168d2a39a5d69a12a69d4dc23837a43cf2ca99be60dfe59996ea6b113",
                "sha256:bc7b667f8654376e9353dd93e55e12ce2a59fb6d8e29fce40de682273425e044",
                "sha256:c1d7a31603c3483ac49c1726723b0934f88f2c011c660e6471e7bd735c2fa110",
                "sha256:c534431153caffc7c495c3eddf7e6a6033e7f81d78385b4e41611b51e8870446",
                "sha256:c93d52c3dc7b9c65e39473704988602300e3cc1bad08b5ab5b03ca98bbbc68c1",
                "sha256:cbcc874f454ee51f158afd604a315f30c0e31dff1d5d5bf499fc529229d964dd",
                "sha256:d3cacc6a665221108ecdf90517a8028d07a2783df3417d12dcfef1c517e67478",
                "sha256:d712cefff15c712329113b01088ba71bbcef0f7ea58478ca0bbec63a824844cb",
                "sha256:d7786b2fa7809bf835f830779ad285215a04da76293164bb6745796873f0942d",
                "sha256:dc11b42fa61ff1e788dd095726a0aed6aad9c03d5c5984b54cb9e1e67b276aa5",
                "sha256:dc4d5187ef4d53e0d4c8eaf530233685667844c5fb0b855fea71ae659017854b",
                "sha256:f5440cdaf3099e7ab17a5a7065aed59aff8c8b079597b61c1f8be6f32fe60636",
                "sha256:fa079995432037b5e2ef5ddbb270bcd2ded9f52b8e191a5de11fe59a00ea30d8",
                "sha256:fbe6e8c0a9a7193ba10ee52977d4d5e7652957c1f56ccefed0701db8801a2a3b",
                "sha256:fde5c7a9d9864d3e07992f66767a9817f24324f354caa3d8129735a3dc74f126"
            ],
            "index": "pypi",
            "markers": "python_version >= '3.7'",
            "version": "==7.2.6"
        },
        "execnet": {
            "hashes": [
                "sha256:88256416ae766bc9e8895c76a87928c0012183da3cc4fc18016e6f050e025f41",
                "sha256:cc59bc4423742fd71ad227122eb0dd44db51efb3dc4095b45ac9a08c770096af"
            ],
            "markers": "python_version >= '3.7'",
            "version": "==2.0.2"
        },
        "freezegun": {
            "hashes": [
                "sha256:15103a67dfa868ad809a8f508146e396be2995172d25f927e48ce51c0bf5cb09",
                "sha256:b4c64efb275e6bc68dc6e771b17ffe0ff0f90b81a2a5189043550b6519926ba4"
            ],
            "index": "pypi",
            "markers": "python_version >= '3.6'",
            "version": "==1.2.1"
        },
        "iniconfig": {
            "hashes": [
                "sha256:2d91e135bf72d31a410b17c16da610a82cb55f6b0477d1a902134b24a455b8b3",
                "sha256:b6a85871a79d2e3b22d2d1b94ac2824226a63c6b741c88f7ae975f18b6778374"
            ],
            "markers": "python_version >= '3.7'",
            "version": "==2.0.0"
        },
        "packaging": {
            "hashes": [
                "sha256:048fb0e9405036518eaaf48a55953c750c11e1a1b68e0dd1a9d62ed0c092cfc5",
                "sha256:8c491190033a9af7e1d931d0b5dacc2ef47509b34dd0de67ed209b5203fc88c7"
            ],
            "markers": "python_version >= '3.7'",
            "version": "==23.2"
        },
        "pluggy": {
            "hashes": [
                "sha256:7db9f7b503d67d1c5b95f59773ebb58a8c1c288129a88665838012cfb07b8981",
                "sha256:8c85c2876142a764e5b7548e7d9a0e0ddb46f5185161049a79b7e974454223be"
            ],
            "markers": "python_version >= '3.8'",
            "version": "==1.4.0"
        },
        "py": {
            "hashes": [
                "sha256:51c75c4126074b472f746a24399ad32f6053d1b34b68d2fa41e558e6f4a98719",
                "sha256:607c53218732647dff4acdfcd50cb62615cedf612e72d1724fb1a0cc6405b378"
            ],
            "markers": "python_version >= '2.7' and python_version not in '3.0, 3.1, 3.2, 3.3, 3.4'",
            "version": "==1.11.0"
        },
        "pytest": {
            "hashes": [
                "sha256:1377bda3466d70b55e3f5cecfa55bb7cfcf219c7964629b967c37cf0bda818b7",
                "sha256:4f365fec2dff9c1162f834d9f18af1ba13062db0c708bf7b946f8a5c76180c39"
            ],
            "index": "pypi",
            "markers": "python_version >= '3.7'",
            "version": "==7.1.3"
        },
        "pytest-asyncio": {
            "hashes": [
                "sha256:3a048872a9c4ba14c3e90cc1aa20cbc2def7d01c7c8db3777ec281ba9c057675",
                "sha256:4e7093259ba018d58ede7d5315131d21923a60f8a6e9ee266ce1589685c89eac"
            ],
            "index": "pypi",
            "markers": "python_version >= '3.8'",
            "version": "==0.23.5"
        },
        "pytest-env": {
            "hashes": [
                "sha256:8c0605ae09a5b7e41c20ebcc44f2c906eea9654095b4b0c342b3814bcc3a8492",
                "sha256:d7b2f5273ec6d1e221757998bc2f50d2474ed7d0b9331b92556011fadc4e9abf"
            ],
            "index": "pypi",
            "markers": "python_version >= '3.7'",
            "version": "==0.8.1"
        },
        "pytest-mock": {
            "hashes": [
                "sha256:f4c973eeae0282963eb293eb173ce91b091a79c1334455acfac9ddee8a1c784b",
                "sha256:fbbdb085ef7c252a326fd8cdcac0aa3b1333d8811f131bdcc701002e1be7ed4f"
            ],
            "index": "pypi",
            "markers": "python_version >= '3.7'",
            "version": "==3.10.0"
        },
        "pytest-xdist": {
            "hashes": [
                "sha256:1849bd98d8b242b948e472db7478e090bf3361912a8fed87992ed94085f54727",
                "sha256:37290d161638a20b672401deef1cba812d110ac27e35d213f091d15b8beb40c9"
            ],
            "index": "pypi",
            "markers": "python_version >= '3.7'",
            "version": "==3.2.1"
        },
        "python-dateutil": {
            "hashes": [
                "sha256:37dd54208da7e1cd875388217d5e00ebd4179249f90fb72437e91a35459a0ad3",
                "sha256:a8b2bc7bffae282281c8140a97d3aa9c14da0b136dfe83f850eea9a5f7470427"
            ],
            "markers": "python_version >= '2.7' and python_version not in '3.0, 3.1, 3.2, 3.3'",
            "version": "==2.9.0.post0"
        },
        "six": {
            "hashes": [
                "sha256:1e61c37477a1626458e36f7b1d82aa5c9b094fa4802892072e49de9c60c4c926",
                "sha256:8abb2f1d86890a2dfb989f9a77cfcfd3e47c2a354b01111771326f8aa26e0254"
            ],
            "markers": "python_version >= '2.7' and python_version not in '3.0, 3.1, 3.2, 3.3'",
            "version": "==1.16.0"
        },
        "tomli": {
            "hashes": [
                "sha256:939de3e7a6161af0c887ef91b7d41a53e7c5a1ca976325f429cb46ea9bc30ecc",
                "sha256:de526c12914f0c550d15924c62d72abc48d6fe7364aa87328337a31007fe8a4f"
            ],
            "markers": "python_version >= '3.7'",
            "version": "==2.0.1"
        }
    },
    "develop": {
        "black": {
            "hashes": [
                "sha256:064101748afa12ad2291c2b91c960be28b817c0c7eaa35bec09cc63aa56493c5",
                "sha256:0945e13506be58bf7db93ee5853243eb368ace1c08a24c65ce108986eac65915",
                "sha256:11c410f71b876f961d1de77b9699ad19f939094c3a677323f43d7a29855fe326",
                "sha256:1c7b8d606e728a41ea1ccbd7264677e494e87cf630e399262ced92d4a8dac940",
                "sha256:1d06691f1eb8de91cd1b322f21e3bfc9efe0c7ca1f0e1eb1db44ea367dff656b",
                "sha256:3238f2aacf827d18d26db07524e44741233ae09a584273aa059066d644ca7b30",
                "sha256:32daa9783106c28815d05b724238e30718f34155653d4d6e125dc7daec8e260c",
                "sha256:35d1381d7a22cc5b2be2f72c7dfdae4072a3336060635718cc7e1ede24221d6c",
                "sha256:3a150542a204124ed00683f0db1f5cf1c2aaaa9cc3495b7a3b5976fb136090ab",
                "sha256:48f9d345675bb7fbc3dd85821b12487e1b9a75242028adad0333ce36ed2a6d27",
                "sha256:50cb33cac881766a5cd9913e10ff75b1e8eb71babf4c7104f2e9c52da1fb7de2",
                "sha256:562bd3a70495facf56814293149e51aa1be9931567474993c7942ff7d3533961",
                "sha256:67de8d0c209eb5b330cce2469503de11bca4085880d62f1628bd9972cc3366b9",
                "sha256:6b39abdfb402002b8a7d030ccc85cf5afff64ee90fa4c5aebc531e3ad0175ddb",
                "sha256:6f3c333ea1dd6771b2d3777482429864f8e258899f6ff05826c3a4fcc5ce3f70",
                "sha256:714290490c18fb0126baa0fca0a54ee795f7502b44177e1ce7624ba1c00f2331",
                "sha256:7c3eb7cea23904399866c55826b31c1f55bbcd3890ce22ff70466b907b6775c2",
                "sha256:92c543f6854c28a3c7f39f4d9b7694f9a6eb9d3c5e2ece488c327b6e7ea9b266",
                "sha256:a6f6886c9869d4daae2d1715ce34a19bbc4b95006d20ed785ca00fa03cba312d",
                "sha256:a8a968125d0a6a404842fa1bf0b349a568634f856aa08ffaff40ae0dfa52e7c6",
                "sha256:c7ab5790333c448903c4b721b59c0d80b11fe5e9803d8703e84dcb8da56fec1b",
                "sha256:e114420bf26b90d4b9daa597351337762b63039752bdf72bf361364c1aa05925",
                "sha256:e198cf27888ad6f4ff331ca1c48ffc038848ea9f031a3b40ba36aced7e22f2c8",
                "sha256:ec751418022185b0c1bb7d7736e6933d40bbb14c14a0abcf9123d1b159f98dd4",
                "sha256:f0bd2f4a58d6666500542b26354978218a9babcdc972722f4bf90779524515f3"
            ],
            "index": "pypi",
            "markers": "python_version >= '3.7'",
            "version": "==23.3.0"
        },
        "click": {
            "hashes": [
                "sha256:ae74fb96c20a0277a1d615f1e4d73c8414f5a98db8b799a7931d1582f3390c28",
                "sha256:ca9853ad459e787e2192211578cc907e7594e294c7ccc834310722b41b9ca6de"
            ],
            "markers": "python_version >= '3.7'",
            "version": "==8.1.7"
        },
        "isort": {
            "hashes": [
                "sha256:8bef7dde241278824a6d83f44a544709b065191b95b6e50894bdc722fcba0504",
                "sha256:f84c2818376e66cf843d497486ea8fed8700b340f308f076c6fb1229dff318b6"
            ],
            "index": "pypi",
            "markers": "python_full_version >= '3.8.0'",
            "version": "==5.12.0"
        },
        "mypy-extensions": {
            "hashes": [
                "sha256:4392f6c0eb8a5668a69e23d168ffa70f0be9ccfd32b5cc2d26a34ae5b844552d",
                "sha256:75dbf8955dc00442a438fc4d0666508a9a97b6bd41aa2f0ffe9d2f2725af0782"
            ],
            "markers": "python_version >= '3.5'",
            "version": "==1.0.0"
        },
        "packaging": {
            "hashes": [
                "sha256:048fb0e9405036518eaaf48a55953c750c11e1a1b68e0dd1a9d62ed0c092cfc5",
                "sha256:8c491190033a9af7e1d931d0b5dacc2ef47509b34dd0de67ed209b5203fc88c7"
            ],
            "markers": "python_version >= '3.7'",
            "version": "==23.2"
        },
        "pathspec": {
            "hashes": [
                "sha256:a0d503e138a4c123b27490a4f7beda6a01c6f288df0e4a8b79c7eb0dc7b4cc08",
                "sha256:a482d51503a1ab33b1c67a6c3813a26953dbdc71c31dacaef9a838c4e29f5712"
            ],
            "markers": "python_version >= '3.8'",
            "version": "==0.12.1"
        },
        "platformdirs": {
            "hashes": [
                "sha256:0614df2a2f37e1a662acbd8e2b25b92ccf8632929bc6d43467e17fe89c75e068",
                "sha256:ef0cc731df711022c174543cb70a9b5bd22e5a9337c8624ef2c2ceb8ddad8768"
            ],
            "markers": "python_version >= '3.8'",
            "version": "==4.2.0"
        },
        "tomli": {
            "hashes": [
                "sha256:939de3e7a6161af0c887ef91b7d41a53e7c5a1ca976325f429cb46ea9bc30ecc",
                "sha256:de526c12914f0c550d15924c62d72abc48d6fe7364aa87328337a31007fe8a4f"
            ],
            "markers": "python_version >= '3.7'",
            "version": "==2.0.1"
        },
        "typing-extensions": {
            "hashes": [
                "sha256:69b1a937c3a517342112fb4c6df7e72fc39a38e7891a5730ed4985b5214b5475",
                "sha256:b0abd7c89e8fb96f98db18d86106ff1d90ab692004eb746cf6eda2682f91b3cb"
            ],
            "markers": "python_version < '3.10'",
            "version": "==4.10.0"
        }
    }
}
